
Microsoft Visual Studio Solution File, Format Version 12.00
# Visual Studio 2012
Project("{FAE04EC0-301F-11D3-BF4B-00C04F79EFBC}") = "Code.Domain", "Code.Domain\Code.Domain.csproj", "{819766AA-6D40-41B2-B5DF-7E0926830B1F}"
EndProject
Project("{FAE04EC0-301F-11D3-BF4B-00C04F79EFBC}") = "Code.Data", "Code.Data\Code.Data.csproj", "{CDC80588-B9DC-45A7-B75C-3F75D55EB29D}"
EndProject
Project("{FAE04EC0-301F-11D3-BF4B-00C04F79EFBC}") = "Code.Data.Test", "Code.Data.Test\Code.Data.Test.csproj", "{92C41241-5C75-4348-B997-877F9B6D9A3E}"
EndProject
Project("{FAE04EC0-301F-11D3-BF4B-00C04F79EFBC}") = "Code.Domain.Test", "Code.Domain.Test\Code.Domain.Test.csproj", "{5D4340F7-73CE-4DA2-B616-09B9DA7070A5}"
EndProject
Project("{FAE04EC0-301F-11D3-BF4B-00C04F79EFBC}") = "Code.Domain.Features", "Code.Domain.Features\Code.Domain.Features.csproj", "{D9377600-B955-4B41-8437-BF41642B4634}"
EndProject
Project("{2150E333-8FDC-42A3-9474-1A3956D46DE8}") = "lib", "lib", "{47D76A43-1FE7-4AE3-B0CE-092337B5121A}"
	ProjectSection(SolutionItems) = preProject
		lib\FMEditorLive.exe = lib\FMEditorLive.exe
	EndProjectSection
EndProject
Global
	GlobalSection(SolutionConfigurationPlatforms) = preSolution
		Debug|Any CPU = Debug|Any CPU
		Release|Any CPU = Release|Any CPU
	EndGlobalSection
	GlobalSection(ProjectConfigurationPlatforms) = postSolution
		{819766AA-6D40-41B2-B5DF-7E0926830B1F}.Debug|Any CPU.ActiveCfg = Debug|Any CPU
		{819766AA-6D40-41B2-B5DF-7E0926830B1F}.Debug|Any CPU.Build.0 = Debug|Any CPU
		{819766AA-6D40-41B2-B5DF-7E0926830B1F}.Release|Any CPU.ActiveCfg = Release|Any CPU
		{819766AA-6D40-41B2-B5DF-7E0926830B1F}.Release|Any CPU.Build.0 = Release|Any CPU
		{CDC80588-B9DC-45A7-B75C-3F75D55EB29D}.Debug|Any CPU.ActiveCfg = Debug|Any CPU
		{CDC80588-B9DC-45A7-B75C-3F75D55EB29D}.Debug|Any CPU.Build.0 = Debug|Any CPU
		{CDC80588-B9DC-45A7-B75C-3F75D55EB29D}.Release|Any CPU.ActiveCfg = Release|Any CPU
		{CDC80588-B9DC-45A7-B75C-3F75D55EB29D}.Release|Any CPU.Build.0 = Release|Any CPU
		{92C41241-5C75-4348-B997-877F9B6D9A3E}.Debug|Any CPU.ActiveCfg = Debug|Any CPU
		{92C41241-5C75-4348-B997-877F9B6D9A3E}.Debug|Any CPU.Build.0 = Debug|Any CPU
		{92C41241-5C75-4348-B997-877F9B6D9A3E}.Release|Any CPU.ActiveCfg = Release|Any CPU
		{92C41241-5C75-4348-B997-877F9B6D9A3E}.Release|Any CPU.Build.0 = Release|Any CPU
		{5D4340F7-73CE-4DA2-B616-09B9DA7070A5}.Debug|Any CPU.ActiveCfg = Debug|Any CPU
		{5D4340F7-73CE-4DA2-B616-09B9DA7070A5}.Debug|Any CPU.Build.0 = Debug|Any CPU
		{5D4340F7-73CE-4DA2-B616-09B9DA7070A5}.Release|Any CPU.ActiveCfg = Release|Any CPU
		{5D4340F7-73CE-4DA2-B616-09B9DA7070A5}.Release|Any CPU.Build.0 = Release|Any CPU
		{D9377600-B955-4B41-8437-BF41642B4634}.Debug|Any CPU.ActiveCfg = Debug|Any CPU
		{D9377600-B955-4B41-8437-BF41642B4634}.Debug|Any CPU.Build.0 = Debug|Any CPU
		{D9377600-B955-4B41-8437-BF41642B4634}.Release|Any CPU.ActiveCfg = Release|Any CPU
		{D9377600-B955-4B41-8437-BF41642B4634}.Release|Any CPU.Build.0 = Release|Any CPU
	EndGlobalSection
	GlobalSection(SolutionProperties) = preSolution
		HideSolutionNode = FALSE
	EndGlobalSection
EndGlobal
